# THIS IS AN AUTOGENERATED FILE. DO NOT EDIT THIS FILE DIRECTLY.
# yarn lockfile v1


"@types/cron@^2.0.0":
  version "2.0.0"
  resolved "https://registry.yarnpkg.com/@types/cron/-/cron-2.0.0.tgz#4fe75f2720a3b69a1f7b80e656749f4c2c96d727"
  integrity sha512-xZM08fqvwIXgghtPVkSPKNgC+JoMQ2OHazEvyTKnNf7aWu1aB6/4lBbQFrb03Td2cUGG7ITzMv3mFYnMu6xRaQ==
  dependencies:
    "@types/luxon" "*"
    "@types/node" "*"

"@types/luxon@*":
  version "3.1.0"
  resolved "https://registry.yarnpkg.com/@types/luxon/-/luxon-3.1.0.tgz#b9842d233a06b267fe4117f1c224f20b8a149825"
  integrity sha512-gCd/HcCgjqSxfMrgtqxCgYk/22NBQfypwFUG7ZAyG/4pqs51WLTcUzVp1hqTbieDYeHS3WoVEh2Yv/2l+7B0Vg==

"@types/node@*":
  version "18.11.9"
  resolved "https://registry.yarnpkg.com/@types/node/-/node-18.11.9.tgz#02d013de7058cea16d36168ef2fc653464cfbad4"
  integrity sha512-CRpX21/kGdzjOpFsZSkcrXMGIBWMGNIHXXBVFSH+ggkftxg+XYP20TESbh+zFvFj3EQOl5byk0HTRn1IL6hbqg==
